
Microsoft Visual Studio Solution File, Format Version 12.00
# Visual Studio Version 17
VisualStudioVersion = 17.0.31903.59
MinimumVisualStudioVersion = 10.0.40219.1
Project("{FAE04EC0-301F-11D3-BF4B-00C04F79EFBC}") = "Super.Core", "Super.Core\Super.Core.csproj", "{9BFA8BD2-222B-4306-8B68-69BB5AE149F6}"
EndProject
Project("{FAE04EC0-301F-11D3-BF4B-00C04F79EFBC}") = "Super.Dapper", "Super.Dapper\Super.Dapper.csproj", "{0D3CF3E5-C8DD-454A-8DC0-4159EB6D26EC}"
EndProject
Project("{FAE04EC0-301F-11D3-BF4B-00C04F79EFBC}") = "Super.Test", "Super.Test\Super.Test.csproj", "{40EE8948-F144-433B-8912-346DEE302C36}"
EndProject
Global
	GlobalSection(SolutionConfigurationPlatforms) = preSolution
		Debug|Any CPU = Debug|Any CPU
		Release|Any CPU = Release|Any CPU
	EndGlobalSection
	GlobalSection(SolutionProperties) = preSolution
		HideSolutionNode = FALSE
	EndGlobalSection
	GlobalSection(ProjectConfigurationPlatforms) = postSolution
		{9BFA8BD2-222B-4306-8B68-69BB5AE149F6}.Debug|Any CPU.ActiveCfg = Debug|Any CPU
		{9BFA8BD2-222B-4306-8B68-69BB5AE149F6}.Debug|Any CPU.Build.0 = Debug|Any CPU
		{9BFA8BD2-222B-4306-8B68-69BB5AE149F6}.Release|Any CPU.ActiveCfg = Release|Any CPU
		{9BFA8BD2-222B-4306-8B68-69BB5AE149F6}.Release|Any CPU.Build.0 = Release|Any CPU
		{0D3CF3E5-C8DD-454A-8DC0-4159EB6D26EC}.Debug|Any CPU.ActiveCfg = Debug|Any CPU
		{0D3CF3E5-C8DD-454A-8DC0-4159EB6D26EC}.Debug|Any CPU.Build.0 = Debug|Any CPU
		{0D3CF3E5-C8DD-454A-8DC0-4159EB6D26EC}.Release|Any CPU.ActiveCfg = Release|Any CPU
		{0D3CF3E5-C8DD-454A-8DC0-4159EB6D26EC}.Release|Any CPU.Build.0 = Release|Any CPU
		{40EE8948-F144-433B-8912-346DEE302C36}.Debug|Any CPU.ActiveCfg = Debug|Any CPU
		{40EE8948-F144-433B-8912-346DEE302C36}.Debug|Any CPU.Build.0 = Debug|Any CPU
		{40EE8948-F144-433B-8912-346DEE302C36}.Release|Any CPU.ActiveCfg = Release|Any CPU
		{40EE8948-F144-433B-8912-346DEE302C36}.Release|Any CPU.Build.0 = Release|Any CPU
	EndGlobalSection
EndGlobal
